
Microsoft Visual Studio Solution File, Format Version 12.00
# Visual Studio 15
VisualStudioVersion = 15.0.26730.16
MinimumVisualStudioVersion = 10.0.40219.1
Project("{FAE04EC0-301F-11D3-BF4B-00C04F79EFBC}") = "SayHi", "SayHi\SayHi.csproj", "{B634FC50-EECF-4731-88AC-7BC4CD2BAE81}"
EndProject
Global
	GlobalSection(SolutionConfigurationPlatforms) = preSolution
		Debug|Any CPU = Debug|Any CPU
		Release|Any CPU = Release|Any CPU
	EndGlobalSection
	GlobalSection(ProjectConfigurationPlatforms) = postSolution
		{B634FC50-EECF-4731-88AC-7BC4CD2BAE81}.Debug|Any CPU.ActiveCfg = Debug|Any CPU
		{B634FC50-EECF-4731-88AC-7BC4CD2BAE81}.Debug|Any CPU.Build.0 = Debug|Any CPU
		{B634FC50-EECF-4731-88AC-7BC4CD2BAE81}.Release|Any CPU.ActiveCfg = Release|Any CPU
		{B634FC50-EECF-4731-88AC-7BC4CD2BAE81}.Release|Any CPU.Build.0 = Release|Any CPU
	EndGlobalSection
	GlobalSection(SolutionProperties) = preSolution
		HideSolutionNode = FALSE
	EndGlobalSection
	GlobalSection(ExtensibilityGlobals) = postSolution
		SolutionGuid = {D556827E-10D3-482A-9140-8E2E22AE2310}
	EndGlobalSection
EndGlobal
